// !$*UTF8*$!
{
	archiveVersion = 1;
	classes = {
	};
	objectVersion = 50;
	objects = {

/* Begin PBXBuildFile section */
		7E0D25E9262ADC74009A66CB /* Sidebar.swift in Sources */ = {isa = PBXBuildFile; fileRef = 7E0D25E8262ADC74009A66CB /* Sidebar.swift */; };
		7E232D97261CFCED00BC5E1D /* LocalsApp.swift in Sources */ = {isa = PBXBuildFile; fileRef = 7E232D83261CFCEC00BC5E1D /* LocalsApp.swift */; };
		7E232D99261CFCED00BC5E1D /* Window.swift in Sources */ = {isa = PBXBuildFile; fileRef = 7E232D84261CFCEC00BC5E1D /* Window.swift */; };
		7E232D9B261CFCED00BC5E1D /* Assets.xcassets in Resources */ = {isa = PBXBuildFile; fileRef = 7E232D85261CFCED00BC5E1D /* Assets.xcassets */; };
		7EDD729B261DA5670038EEC1 /* Project.swift in Sources */ = {isa = PBXBuildFile; fileRef = 7EDD729A261DA5670038EEC1 /* Project.swift */; };
		7EDD729E261DA59B0038EEC1 /* Editor.swift in Sources */ = {isa = PBXBuildFile; fileRef = 7EDD729D261DA59B0038EEC1 /* Editor.swift */; };
		7EDD72A3261DA6DC0038EEC1 /* Storage.swift in Sources */ = {isa = PBXBuildFile; fileRef = 7EDD72A2261DA6DC0038EEC1 /* Storage.swift */; };
		7EDD72A7261DA6E10038EEC1 /* Progress.swift in Sources */ = {isa = PBXBuildFile; fileRef = 7EDD72A6261DA6E10038EEC1 /* Progress.swift */; };
		7EDD72AA261DA6EC0038EEC1 /* Translate.swift in Sources */ = {isa = PBXBuildFile; fileRef = 7EDD72A9261DA6EC0038EEC1 /* Translate.swift */; };
		7EDD72AD261DA6F10038EEC1 /* Coder.swift in Sources */ = {isa = PBXBuildFile; fileRef = 7EDD72AC261DA6F10038EEC1 /* Coder.swift */; };
		7EDD72B4261DABF60038EEC1 /* Time.swift in Sources */ = {isa = PBXBuildFile; fileRef = 7EDD72B3261DABF60038EEC1 /* Time.swift */; };
/* End PBXBuildFile section */

/* Begin PBXFileReference section */
		7E0D25E8262ADC74009A66CB /* Sidebar.swift */ = {isa = PBXFileReference; lastKnownFileType = sourcecode.swift; path = Sidebar.swift; sourceTree = "<group>"; };
		7E232D83261CFCEC00BC5E1D /* LocalsApp.swift */ = {isa = PBXFileReference; lastKnownFileType = sourcecode.swift; path = LocalsApp.swift; sourceTree = "<group>"; };
		7E232D84261CFCEC00BC5E1D /* Window.swift */ = {isa = PBXFileReference; lastKnownFileType = sourcecode.swift; path = Window.swift; sourceTree = "<group>"; };
		7E232D85261CFCED00BC5E1D /* Assets.xcassets */ = {isa = PBXFileReference; lastKnownFileType = folder.assetcatalog; path = Assets.xcassets; sourceTree = "<group>"; };
		7E232D92261CFCED00BC5E1D /* Locals.app */ = {isa = PBXFileReference; explicitFileType = wrapper.application; includeInIndex = 0; path = Locals.app; sourceTree = BUILT_PRODUCTS_DIR; };
		7E232D94261CFCED00BC5E1D /* Info.plist */ = {isa = PBXFileReference; lastKnownFileType = text.plist.xml; path = Info.plist; sourceTree = "<group>"; };
		7E232D95261CFCED00BC5E1D /* macOS.entitlements */ = {isa = PBXFileReference; lastKnownFileType = text.plist.entitlements; path = macOS.entitlements; sourceTree = "<group>"; };
		7EDD729A261DA5670038EEC1 /* Project.swift */ = {isa = PBXFileReference; lastKnownFileType = sourcecode.swift; path = Project.swift; sourceTree = "<group>"; };
		7EDD729D261DA59B0038EEC1 /* Editor.swift */ = {isa = PBXFileReference; lastKnownFileType = sourcecode.swift; path = Editor.swift; sourceTree = "<group>"; };
		7EDD72A2261DA6DC0038EEC1 /* Storage.swift */ = {isa = PBXFileReference; lastKnownFileType = sourcecode.swift; path = Storage.swift; sourceTree = "<group>"; };
		7EDD72A6261DA6E10038EEC1 /* Progress.swift */ = {isa = PBXFileReference; lastKnownFileType = sourcecode.swift; path = Progress.swift; sourceTree = "<group>"; };
		7EDD72A9261DA6EC0038EEC1 /* Translate.swift */ = {isa = PBXFileReference; lastKnownFileType = sourcecode.swift; path = Translate.swift; sourceTree = "<group>"; };
		7EDD72AC261DA6F10038EEC1 /* Coder.swift */ = {isa = PBXFileReference; lastKnownFileType = sourcecode.swift; path = Coder.swift; sourceTree = "<group>"; };
		7EDD72B3261DABF60038EEC1 /* Time.swift */ = {isa = PBXFileReference; lastKnownFileType = sourcecode.swift; path = Time.swift; sourceTree = "<group>"; };
/* End PBXFileReference section */

/* Begin PBXFrameworksBuildPhase section */
		7E232D8F261CFCED00BC5E1D /* Frameworks */ = {
			isa = PBXFrameworksBuildPhase;
			buildActionMask = 2147483647;
			files = (
			);
			runOnlyForDeploymentPostprocessing = 0;
		};
/* End PBXFrameworksBuildPhase section */

/* Begin PBXGroup section */
		7E232D7D261CFCEC00BC5E1D = {
			isa = PBXGroup;
			children = (
				7E232D82261CFCEC00BC5E1D /* Shared */,
				7E232D85261CFCED00BC5E1D /* Assets.xcassets */,
				7E232D93261CFCED00BC5E1D /* macOS */,
				7E232D8B261CFCED00BC5E1D /* Products */,
			);
			sourceTree = "<group>";
		};
		7E232D82261CFCEC00BC5E1D /* Shared */ = {
			isa = PBXGroup;
			children = (
				7E232D83261CFCEC00BC5E1D /* LocalsApp.swift */,
				7EDD72A0261DA6AA0038EEC1 /* Views */,
				7EDD72A1261DA6AF0038EEC1 /* Dependencies */,
			);
			path = Shared;
			sourceTree = "<group>";
		};
		7E232D8B261CFCED00BC5E1D /* Products */ = {
			isa = PBXGroup;
			children = (
				7E232D92261CFCED00BC5E1D /* Locals.app */,
			);
			name = Products;
			sourceTree = "<group>";
		};
		7E232D93261CFCED00BC5E1D /* macOS */ = {
			isa = PBXGroup;
			children = (
				7E232D94261CFCED00BC5E1D /* Info.plist */,
				7E232D95261CFCED00BC5E1D /* macOS.entitlements */,
			);
			path = macOS;
			sourceTree = "<group>";
		};
		7EDD72A0261DA6AA0038EEC1 /* Views */ = {
			isa = PBXGroup;
			children = (
				7E232D84261CFCEC00BC5E1D /* Window.swift */,
				7E0D25E8262ADC74009A66CB /* Sidebar.swift */,
				7EDD729A261DA5670038EEC1 /* Project.swift */,
				7EDD729D261DA59B0038EEC1 /* Editor.swift */,
			);
			path = Views;
			sourceTree = "<group>";
		};
		7EDD72A1261DA6AF0038EEC1 /* Dependencies */ = {
			isa = PBXGroup;
			children = (
				7EDD72A2261DA6DC0038EEC1 /* Storage.swift */,
				7EDD72A9261DA6EC0038EEC1 /* Translate.swift */,
				7EDD72AC261DA6F10038EEC1 /* Coder.swift */,
				7EDD72A6261DA6E10038EEC1 /* Progress.swift */,
				7EDD72B3261DABF60038EEC1 /* Time.swift */,
			);
			path = Dependencies;
			sourceTree = "<group>";
		};
/* End PBXGroup section */

/* Begin PBXNativeTarget section */
		7E232D91261CFCED00BC5E1D /* Locals (macOS) */ = {
			isa = PBXNativeTarget;
			buildConfigurationList = 7E232DA1261CFCED00BC5E1D /* Build configuration list for PBXNativeTarget "Locals (macOS)" */;
			buildPhases = (
				7E232D8E261CFCED00BC5E1D /* Sources */,
				7E232D8F261CFCED00BC5E1D /* Frameworks */,
				7E232D90261CFCED00BC5E1D /* Resources */,
			);
			buildRules = (
			);
			dependencies = (
			);
			name = "Locals (macOS)";
			productName = "Locals (macOS)";
			productReference = 7E232D92261CFCED00BC5E1D /* Locals.app */;
			productType = "com.apple.product-type.application";
		};
/* End PBXNativeTarget section */

/* Begin PBXProject section */
		7E232D7E261CFCEC00BC5E1D /* Project object */ = {
			isa = PBXProject;
			attributes = {
				LastSwiftUpdateCheck = 1240;
				LastUpgradeCheck = 1240;
				TargetAttributes = {
					7E232D91261CFCED00BC5E1D = {
						CreatedOnToolsVersion = 12.4;
					};
				};
			};
			buildConfigurationList = 7E232D81261CFCEC00BC5E1D /* Build configuration list for PBXProject "Locals" */;
			compatibilityVersion = "Xcode 9.3";
			developmentRegion = en;
			hasScannedForEncodings = 0;
			knownRegions = (
				en,
				Base,
			);
			mainGroup = 7E232D7D261CFCEC00BC5E1D;
			productRefGroup = 7E232D8B261CFCED00BC5E1D /* Products */;
			projectDirPath = "";
			projectRoot = "";
			targets = (
				7E232D91261CFCED00BC5E1D /* Locals (macOS) */,
			);
		};
/* End PBXProject section */

/* Begin PBXResourcesBuildPhase section */
		7E232D90261CFCED00BC5E1D /* Resources */ = {
			isa = PBXResourcesBuildPhase;
			buildActionMask = 2147483647;
			files = (
				7E232D9B261CFCED00BC5E1D /* Assets.xcassets in Resources */,
			);
			runOnlyForDeploymentPostprocessing = 0;
		};
/* End PBXResourcesBuildPhase section */

/* Begin PBXSourcesBuildPhase section */
		7E232D8E261CFCED00BC5E1D /* Sources */ = {
			isa = PBXSourcesBuildPhase;
			buildActionMask = 2147483647;
			files = (
				7EDD72A7261DA6E10038EEC1 /* Progress.swift in Sources */,
				7EDD72B4261DABF60038EEC1 /* Time.swift in Sources */,
				7E232D99261CFCED00BC5E1D /* Window.swift in Sources */,
				7E0D25E9262ADC74009A66CB /* Sidebar.swift in Sources */,
				7EDD729B261DA5670038EEC1 /* Project.swift in Sources */,
				7EDD72AD261DA6F10038EEC1 /* Coder.swift in Sources */,
				7EDD72AA261DA6EC0038EEC1 /* Translate.swift in Sources */,
				7EDD729E261DA59B0038EEC1 /* Editor.swift in Sources */,
				7E232D97261CFCED00BC5E1D /* LocalsApp.swift in Sources */,
				7EDD72A3261DA6DC0038EEC1 /* Storage.swift in Sources */,
			);
			runOnlyForDeploymentPostprocessing = 0;
		};
/* End PBXSourcesBuildPhase section */

/* Begin XCBuildConfiguration section */
		7E232D9C261CFCED00BC5E1D /* Debug */ = {
			isa = XCBuildConfiguration;
			buildSettings = {
				ALWAYS_SEARCH_USER_PATHS = NO;
				CLANG_ANALYZER_NONNULL = YES;
				CLANG_ANALYZER_NUMBER_OBJECT_CONVERSION = YES_AGGRESSIVE;
				CLANG_CXX_LANGUAGE_STANDARD = "gnu++14";
				CLANG_CXX_LIBRARY = "libc++";
				CLANG_ENABLE_MODULES = YES;
				CLANG_ENABLE_OBJC_ARC = YES;
				CLANG_ENABLE_OBJC_WEAK = YES;
				CLANG_WARN_BLOCK_CAPTURE_AUTORELEASING = YES;
				CLANG_WARN_BOOL_CONVERSION = YES;
				CLANG_WARN_COMMA = YES;
				CLANG_WARN_CONSTANT_CONVERSION = YES;
				CLANG_WARN_DEPRECATED_OBJC_IMPLEMENTATIONS = YES;
				CLANG_WARN_DIRECT_OBJC_ISA_USAGE = YES_ERROR;
				CLANG_WARN_DOCUMENTATION_COMMENTS = YES;
				CLANG_WARN_EMPTY_BODY = YES;
				CLANG_WARN_ENUM_CONVERSION = YES;
				CLANG_WARN_INFINITE_RECURSION = YES;
				CLANG_WARN_INT_CONVERSION = YES;
				CLANG_WARN_NON_LITERAL_NULL_CONVERSION = YES;
				CLANG_WARN_OBJC_IMPLICIT_RETAIN_SELF = YES;
				CLANG_WARN_OBJC_LITERAL_CONVERSION = YES;
				CLANG_WARN_OBJC_ROOT_CLASS = YES_ERROR;
				CLANG_WARN_QUOTED_INCLUDE_IN_FRAMEWORK_HEADER = YES;
				CLANG_WARN_RANGE_LOOP_ANALYSIS = YES;
				CLANG_WARN_STRICT_PROTOTYPES = YES;
				CLANG_WARN_SUSPICIOUS_MOVE = YES;
				CLANG_WARN_UNGUARDED_AVAILABILITY = YES_AGGRESSIVE;
				CLANG_WARN_UNREACHABLE_CODE = YES;
				CLANG_WARN__DUPLICATE_METHOD_MATCH = YES;
				COPY_PHASE_STRIP = NO;
				DEBUG_INFORMATION_FORMAT = dwarf;
				ENABLE_STRICT_OBJC_MSGSEND = YES;
				ENABLE_TESTABILITY = YES;
				GCC_C_LANGUAGE_STANDARD = gnu11;
				GCC_DYNAMIC_NO_PIC = NO;
				GCC_NO_COMMON_BLOCKS = YES;
				GCC_OPTIMIZATION_LEVEL = 0;
				GCC_PREPROCESSOR_DEFINITIONS = (
					"DEBUG=1",
					"$(inherited)",
				);
				GCC_WARN_64_TO_32_BIT_CONVERSION = YES;
				GCC_WARN_ABOUT_RETURN_TYPE = YES_ERROR;
				GCC_WARN_UNDECLARED_SELECTOR = YES;
				GCC_WARN_UNINITIALIZED_AUTOS = YES_AGGRESSIVE;
				GCC_WARN_UNUSED_FUNCTION = YES;
				GCC_WARN_UNUSED_VARIABLE = YES;
				MTL_ENABLE_DEBUG_INFO = INCLUDE_SOURCE;
				MTL_FAST_MATH = YES;
				ONLY_ACTIVE_ARCH = YES;
				SWIFT_ACTIVE_COMPILATION_CONDITIONS = DEBUG;
				SWIFT_OPTIMIZATION_LEVEL = "-Onone";
			};
			name = Debug;
		};
		7E232D9D261CFCED00BC5E1D /* Release */ = {
			isa = XCBuildConfiguration;
			buildSettings = {
				ALWAYS_SEARCH_USER_PATHS = NO;
				CLANG_ANALYZER_NONNULL = YES;
				CLANG_ANALYZER_NUMBER_OBJECT_CONVERSION = YES_AGGRESSIVE;
				CLANG_CXX_LANGUAGE_STANDARD = "gnu++14";
				CLANG_CXX_LIBRARY = "libc++";
				CLANG_ENABLE_MODULES = YES;
				CLANG_ENABLE_OBJC_ARC = YES;
				CLANG_ENABLE_OBJC_WEAK = YES;
				CLANG_WARN_BLOCK_CAPTURE_AUTORELEASING = YES;
				CLANG_WARN_BOOL_CONVERSION = YES;
				CLANG_WARN_COMMA = YES;
				CLANG_WARN_CONSTANT_CONVERSION = YES;
				CLANG_WARN_DEPRECATED_OBJC_IMPLEMENTATIONS = YES;
				CLANG_WARN_DIRECT_OBJC_ISA_USAGE = YES_ERROR;
				CLANG_WARN_DOCUMENTATION_COMMENTS = YES;
				CLANG_WARN_EMPTY_BODY = YES;
				CLANG_WARN_ENUM_CONVERSION = YES;
				CLANG_WARN_INFINITE_RECURSION = YES;
				CLANG_WARN_INT_CONVERSION = YES;
				CLANG_WARN_NON_LITERAL_NULL_CONVERSION = YES;
				CLANG_WARN_OBJC_IMPLICIT_RETAIN_SELF = YES;
				CLANG_WARN_OBJC_LITERAL_CONVERSION = YES;
				CLANG_WARN_OBJC_ROOT_CLASS = YES_ERROR;
				CLANG_WARN_QUOTED_INCLUDE_IN_FRAMEWORK_HEADER = YES;
				CLANG_WARN_RANGE_LOOP_ANALYSIS = YES;
				CLANG_WARN_STRICT_PROTOTYPES = YES;
				CLANG_WARN_SUSPICIOUS_MOVE = YES;
				CLANG_WARN_UNGUARDED_AVAILABILITY = YES_AGGRESSIVE;
				CLANG_WARN_UNREACHABLE_CODE = YES;
				CLANG_WARN__DUPLICATE_METHOD_MATCH = YES;
				COPY_PHASE_STRIP = NO;
				DEBUG_INFORMATION_FORMAT = "dwarf-with-dsym";
				ENABLE_NS_ASSERTIONS = NO;
				ENABLE_STRICT_OBJC_MSGSEND = YES;
				GCC_C_LANGUAGE_STANDARD = gnu11;
				GCC_NO_COMMON_BLOCKS = YES;
				GCC_WARN_64_TO_32_BIT_CONVERSION = YES;
				GCC_WARN_ABOUT_RETURN_TYPE = YES_ERROR;
				GCC_WARN_UNDECLARED_SELECTOR = YES;
				GCC_WARN_UNINITIALIZED_AUTOS = YES_AGGRESSIVE;
				GCC_WARN_UNUSED_FUNCTION = YES;
				GCC_WARN_UNUSED_VARIABLE = YES;
				MTL_ENABLE_DEBUG_INFO = NO;
				MTL_FAST_MATH = YES;
				SWIFT_COMPILATION_MODE = wholemodule;
				SWIFT_OPTIMIZATION_LEVEL = "-O";
			};
			name = Release;
		};
		7E232DA2261CFCED00BC5E1D /* Debug */ = {
			isa = XCBuildConfiguration;
			buildSettings = {
				ASSETCATALOG_COMPILER_APPICON_NAME = AppIcon;
				ASSETCATALOG_COMPILER_GLOBAL_ACCENT_COLOR_NAME = AccentColor;
				CODE_SIGN_ENTITLEMENTS = macOS/macOS.entitlements;
				CODE_SIGN_STYLE = Automatic;
				COMBINE_HIDPI_IMAGES = YES;
				ENABLE_PREVIEWS = YES;
				INFOPLIST_FILE = macOS/Info.plist;
				LD_RUNPATH_SEARCH_PATHS = (
					"$(inherited)",
					"@executable_path/../Frameworks",
				);
				MACOSX_DEPLOYMENT_TARGET = 11.0;
				MARKETING_VERSION = 0.8;
				PRODUCT_BUNDLE_IDENTIFIER = Thorskjold.Locals;
				PRODUCT_NAME = Locals;
				SDKROOT = macosx;
				SWIFT_VERSION = 5.0;
			};
			name = Debug;
		};
		7E232DA3261CFCED00BC5E1D /* Release */ = {
			isa = XCBuildConfiguration;
			buildSettings = {
				ASSETCATALOG_COMPILER_APPICON_NAME = AppIcon;
				ASSETCATALOG_COMPILER_GLOBAL_ACCENT_COLOR_NAME = AccentColor;
				CODE_SIGN_ENTITLEMENTS = macOS/macOS.entitlements;
				CODE_SIGN_STYLE = Automatic;
				COMBINE_HIDPI_IMAGES = YES;
				ENABLE_PREVIEWS = YES;
				INFOPLIST_FILE = macOS/Info.plist;
				LD_RUNPATH_SEARCH_PATHS = (
					"$(inherited)",
					"@executable_path/../Frameworks",
				);
				MACOSX_DEPLOYMENT_TARGET = 11.0;
				MARKETING_VERSION = 0.8;
				PRODUCT_BUNDLE_IDENTIFIER = Thorskjold.Locals;
				PRODUCT_NAME = Locals;
				SDKROOT = macosx;
				SWIFT_VERSION = 5.0;
			};
			name = Release;
		};
/* End XCBuildConfiguration section */

/* Begin XCConfigurationList section */
		7E232D81261CFCEC00BC5E1D /* Build configuration list for PBXProject "Locals" */ = {
			isa = XCConfigurationList;
			buildConfigurations = (
				7E232D9C261CFCED00BC5E1D /* Debug */,
				7E232D9D261CFCED00BC5E1D /* Release */,
			);
			defaultConfigurationIsVisible = 0;
			defaultConfigurationName = Release;
		};
		7E232DA1261CFCED00BC5E1D /* Build configuration list for PBXNativeTarget "Locals (macOS)" */ = {
			isa = XCConfigurationList;
			buildConfigurations = (
				7E232DA2261CFCED00BC5E1D /* Debug */,
				7E232DA3261CFCED00BC5E1D /* Release */,
			);
			defaultConfigurationIsVisible = 0;
			defaultConfigurationName = Release;
		};
/* End XCConfigurationList section */
	};
	rootObject = 7E232D7E261CFCEC00BC5E1D /* Project object */;
}
